
Microsoft Visual Studio Solution File, Format Version 12.00
# Visual Studio Version 16
VisualStudioVersion = 16.0.30503.244
MinimumVisualStudioVersion = 10.0.40219.1
Project("{FAE04EC0-301F-11D3-BF4B-00C04F79EFBC}") = "StacksAndQueues", "StacksAndQueues\StacksAndQueues.csproj", "{6E6A1E71-78D7-43DB-9A80-541EA3E2EDA3}"
EndProject
Project("{FAE04EC0-301F-11D3-BF4B-00C04F79EFBC}") = "StacksAndQueueMSTest", "StacksAndQueueMSTest\StacksAndQueueMSTest.csproj", "{4427407D-40B1-4539-8B70-57E61C33F445}"
EndProject
Global
	GlobalSection(SolutionConfigurationPlatforms) = preSolution
		Debug|Any CPU = Debug|Any CPU
		Release|Any CPU = Release|Any CPU
	EndGlobalSection
	GlobalSection(ProjectConfigurationPlatforms) = postSolution
		{6E6A1E71-78D7-43DB-9A80-541EA3E2EDA3}.Debug|Any CPU.ActiveCfg = Debug|Any CPU
		{6E6A1E71-78D7-43DB-9A80-541EA3E2EDA3}.Debug|Any CPU.Build.0 = Debug|Any CPU
		{6E6A1E71-78D7-43DB-9A80-541EA3E2EDA3}.Release|Any CPU.ActiveCfg = Release|Any CPU
		{6E6A1E71-78D7-43DB-9A80-541EA3E2EDA3}.Release|Any CPU.Build.0 = Release|Any CPU
		{4427407D-40B1-4539-8B70-57E61C33F445}.Debug|Any CPU.ActiveCfg = Debug|Any CPU
		{4427407D-40B1-4539-8B70-57E61C33F445}.Debug|Any CPU.Build.0 = Debug|Any CPU
		{4427407D-40B1-4539-8B70-57E61C33F445}.Release|Any CPU.ActiveCfg = Release|Any CPU
		{4427407D-40B1-4539-8B70-57E61C33F445}.Release|Any CPU.Build.0 = Release|Any CPU
	EndGlobalSection
	GlobalSection(SolutionProperties) = preSolution
		HideSolutionNode = FALSE
	EndGlobalSection
	GlobalSection(ExtensibilityGlobals) = postSolution
		SolutionGuid = {F2A47CED-B41C-48C3-BF80-B347ADC39042}
	EndGlobalSection
EndGlobal
